PODS:
  - connectivity_plus (0.0.1):
    - Flutter
    - ReachabilitySwift
  - Flutter (1.0.0)
  - package_info_plus (0.4.5):
    - Flutter
  - ReachabilitySwift (5.2.4)
  - video_player_avfoundation (0.0.1):
    - Flutter
    - FlutterMacOS
  - wakelock_plus (0.0.1):
    - Flutter
  - webview_flutter_wkwebview (0.0.1):
    - Flutter
    - FlutterMacOS

DEPENDENCIES:
  - connectivity_plus (from `.symlinks/plugins/connectivity_plus/ios`)
  - Flutter (from `Flutter`)
  - package_info_plus (from `.symlinks/plugins/package_info_plus/ios`)
  - video_player_avfoundation (from `.symlinks/plugins/video_player_avfoundation/darwin`)
  - wakelock_plus (from `.symlinks/plugins/wakelock_plus/ios`)
  - webview_flutter_wkwebview (from `.symlinks/plugins/webview_flutter_wkwebview/darwin`)

SPEC REPOS:
  trunk:
    - ReachabilitySwift

EXTERNAL SOURCES:
  connectivity_plus:
    :path: ".symlinks/plugins/connectivity_plus/ios"
  Flutter:
    :path: Flutter
  package_info_plus:
    :path: ".symlinks/plugins/package_info_plus/ios"
  video_player_avfoundation:
    :path: ".symlinks/plugins/video_player_avfoundation/darwin"
  wakelock_plus:
    :path: ".symlinks/plugins/wakelock_plus/ios"
  webview_flutter_wkwebview:
    :path: ".symlinks/plugins/webview_flutter_wkwebview/darwin"

SPEC CHECKSUMS:
  connectivity_plus: 481668c94744c30c53b8895afb39159d1e619bdf
  Flutter: e0871f40cf51350855a761d2e70bf5af5b9b5de7
  package_info_plus: af8e2ca6888548050f16fa2f1938db7b5a5df499
  ReachabilitySwift: 32793e867593cfc1177f5d16491e3a197d2fccda
  video_player_avfoundation: 2cef49524dd1f16c5300b9cd6efd9611ce03639b
  wakelock_plus: e29112ab3ef0b318e58cfa5c32326458be66b556
  webview_flutter_wkwebview: 1821ceac936eba6f7984d89a9f3bcb4dea99ebb2

PODFILE CHECKSUM: 4305caec6b40dde0ae97be1573c53de1882a07e5

COCOAPODS: 1.16.2
